
Microsoft Visual Studio Solution File, Format Version 12.00
# Visual Studio Version 16
VisualStudioVersion = 16.0.31205.134
MinimumVisualStudioVersion = 10.0.40219.1
Project("{FAE04EC0-301F-11D3-BF4B-00C04F79EFBC}") = "KestraCodingTest", "KestraCodingTest.csproj", "{5ECB5F83-F94B-4DFF-9519-6379AA8EFB5B}"
EndProject
Global
	GlobalSection(SolutionConfigurationPlatforms) = preSolution
		Debug|Any CPU = Debug|Any CPU
		Release|Any CPU = Release|Any CPU
	EndGlobalSection
	GlobalSection(ProjectConfigurationPlatforms) = postSolution
		{5ECB5F83-F94B-4DFF-9519-6379AA8EFB5B}.Debug|Any CPU.ActiveCfg = Debug|Any CPU
		{5ECB5F83-F94B-4DFF-9519-6379AA8EFB5B}.Debug|Any CPU.Build.0 = Debug|Any CPU
		{5ECB5F83-F94B-4DFF-9519-6379AA8EFB5B}.Release|Any CPU.ActiveCfg = Release|Any CPU
		{5ECB5F83-F94B-4DFF-9519-6379AA8EFB5B}.Release|Any CPU.Build.0 = Release|Any CPU
	EndGlobalSection
	GlobalSection(SolutionProperties) = preSolution
		HideSolutionNode = FALSE
	EndGlobalSection
	GlobalSection(ExtensibilityGlobals) = postSolution
		SolutionGuid = {4D9FF00F-3146-45B5-9EBC-20D6FF74CA88}
	EndGlobalSection
EndGlobal
